
Microsoft Visual Studio Solution File, Format Version 12.00
# Visual Studio Version 16
VisualStudioVersion = 16.0.30204.135
MinimumVisualStudioVersion = 10.0.40219.1
Project("{FAE04EC0-301F-11D3-BF4B-00C04F79EFBC}") = "sample_3_11", "sample_3_11\sample_3_11.csproj", "{F2F0841B-D465-4F76-A4DE-A0222ED060B0}"
EndProject
Global
	GlobalSection(SolutionConfigurationPlatforms) = preSolution
		Debug|Any CPU = Debug|Any CPU
		Release|Any CPU = Release|Any CPU
	EndGlobalSection
	GlobalSection(ProjectConfigurationPlatforms) = postSolution
		{F2F0841B-D465-4F76-A4DE-A0222ED060B0}.Debug|Any CPU.ActiveCfg = Debug|Any CPU
		{F2F0841B-D465-4F76-A4DE-A0222ED060B0}.Debug|Any CPU.Build.0 = Debug|Any CPU
		{F2F0841B-D465-4F76-A4DE-A0222ED060B0}.Release|Any CPU.ActiveCfg = Release|Any CPU
		{F2F0841B-D465-4F76-A4DE-A0222ED060B0}.Release|Any CPU.Build.0 = Release|Any CPU
	EndGlobalSection
	GlobalSection(SolutionProperties) = preSolution
		HideSolutionNode = FALSE
	EndGlobalSection
	GlobalSection(ExtensibilityGlobals) = postSolution
		SolutionGuid = {653199BD-E9CD-4809-809D-63A627DE11B0}
	EndGlobalSection
EndGlobal
